
Microsoft Visual Studio Solution File, Format Version 12.00
# Visual Studio Version 16
VisualStudioVersion = 16.0.29509.3
MinimumVisualStudioVersion = 10.0.40219.1
Project("{9A19103F-16F7-4668-BE54-9A1E7A4F7556}") = "Rectangles", "Rectangles.csproj", "{F10A5369-7D0D-4F7A-93C3-62178571C74B}"
EndProject
Global
	GlobalSection(SolutionConfigurationPlatforms) = preSolution
		Debug|Any CPU = Debug|Any CPU
		Release|Any CPU = Release|Any CPU
	EndGlobalSection
	GlobalSection(ProjectConfigurationPlatforms) = postSolution
		{F10A5369-7D0D-4F7A-93C3-62178571C74B}.Debug|Any CPU.ActiveCfg = Debug|Any CPU
		{F10A5369-7D0D-4F7A-93C3-62178571C74B}.Debug|Any CPU.Build.0 = Debug|Any CPU
		{F10A5369-7D0D-4F7A-93C3-62178571C74B}.Release|Any CPU.ActiveCfg = Release|Any CPU
		{F10A5369-7D0D-4F7A-93C3-62178571C74B}.Release|Any CPU.Build.0 = Release|Any CPU
	EndGlobalSection
	GlobalSection(SolutionProperties) = preSolution
		HideSolutionNode = FALSE
	EndGlobalSection
	GlobalSection(ExtensibilityGlobals) = postSolution
		SolutionGuid = {EA0702B3-894B-4B90-BCE5-C2BE38E87471}
	EndGlobalSection
EndGlobal
