
Microsoft Visual Studio Solution File, Format Version 12.00
# Visual Studio Version 16
VisualStudioVersion = 16.0.29326.143
MinimumVisualStudioVersion = 10.0.40219.1
Project("{9A19103F-16F7-4668-BE54-9A1E7A4F7556}") = "Meetup", "Meetup.csproj", "{BB634953-46A7-4147-B267-362858E48D5D}"
EndProject
Global
	GlobalSection(SolutionConfigurationPlatforms) = preSolution
		Debug|Any CPU = Debug|Any CPU
		Release|Any CPU = Release|Any CPU
	EndGlobalSection
	GlobalSection(ProjectConfigurationPlatforms) = postSolution
		{BB634953-46A7-4147-B267-362858E48D5D}.Debug|Any CPU.ActiveCfg = Debug|Any CPU
		{BB634953-46A7-4147-B267-362858E48D5D}.Debug|Any CPU.Build.0 = Debug|Any CPU
		{BB634953-46A7-4147-B267-362858E48D5D}.Release|Any CPU.ActiveCfg = Release|Any CPU
		{BB634953-46A7-4147-B267-362858E48D5D}.Release|Any CPU.Build.0 = Release|Any CPU
	EndGlobalSection
	GlobalSection(SolutionProperties) = preSolution
		HideSolutionNode = FALSE
	EndGlobalSection
	GlobalSection(ExtensibilityGlobals) = postSolution
		SolutionGuid = {830430D8-AB36-43C2-9F7E-0CD2A64EABC4}
	EndGlobalSection
EndGlobal
