
Microsoft Visual Studio Solution File, Format Version 12.00
# Visual Studio Version 16
VisualStudioVersion = 16.0.29230.47
MinimumVisualStudioVersion = 10.0.40219.1
Project("{9A19103F-16F7-4668-BE54-9A1E7A4F7556}") = "PerfectNumbers", "PerfectNumbers.csproj", "{82205D08-BB5F-4694-A366-00E4932E16AD}"
EndProject
Global
	GlobalSection(SolutionConfigurationPlatforms) = preSolution
		Debug|Any CPU = Debug|Any CPU
		Release|Any CPU = Release|Any CPU
	EndGlobalSection
	GlobalSection(ProjectConfigurationPlatforms) = postSolution
		{82205D08-BB5F-4694-A366-00E4932E16AD}.Debug|Any CPU.ActiveCfg = Debug|Any CPU
		{82205D08-BB5F-4694-A366-00E4932E16AD}.Debug|Any CPU.Build.0 = Debug|Any CPU
		{82205D08-BB5F-4694-A366-00E4932E16AD}.Release|Any CPU.ActiveCfg = Release|Any CPU
		{82205D08-BB5F-4694-A366-00E4932E16AD}.Release|Any CPU.Build.0 = Release|Any CPU
	EndGlobalSection
	GlobalSection(SolutionProperties) = preSolution
		HideSolutionNode = FALSE
	EndGlobalSection
	GlobalSection(ExtensibilityGlobals) = postSolution
		SolutionGuid = {A7E315A7-B19A-43E7-BE66-AE832F9926D7}
	EndGlobalSection
EndGlobal
