
Microsoft Visual Studio Solution File, Format Version 12.00
# Visual Studio Version 16
VisualStudioVersion = 16.0.29424.173
MinimumVisualStudioVersion = 10.0.40219.1
Project("{9A19103F-16F7-4668-BE54-9A1E7A4F7556}") = "QueenAttack", "QueenAttack.csproj", "{275CC089-1403-4389-B74F-7A2F650F5787}"
EndProject
Global
	GlobalSection(SolutionConfigurationPlatforms) = preSolution
		Debug|Any CPU = Debug|Any CPU
		Release|Any CPU = Release|Any CPU
	EndGlobalSection
	GlobalSection(ProjectConfigurationPlatforms) = postSolution
		{275CC089-1403-4389-B74F-7A2F650F5787}.Debug|Any CPU.ActiveCfg = Debug|Any CPU
		{275CC089-1403-4389-B74F-7A2F650F5787}.Debug|Any CPU.Build.0 = Debug|Any CPU
		{275CC089-1403-4389-B74F-7A2F650F5787}.Release|Any CPU.ActiveCfg = Release|Any CPU
		{275CC089-1403-4389-B74F-7A2F650F5787}.Release|Any CPU.Build.0 = Release|Any CPU
	EndGlobalSection
	GlobalSection(SolutionProperties) = preSolution
		HideSolutionNode = FALSE
	EndGlobalSection
	GlobalSection(ExtensibilityGlobals) = postSolution
		SolutionGuid = {BDE0C507-44FE-43D2-BA60-EA6660AF828E}
	EndGlobalSection
EndGlobal
