
Microsoft Visual Studio Solution File, Format Version 12.00
# Visual Studio Version 16
VisualStudioVersion = 16.0.29326.143
MinimumVisualStudioVersion = 10.0.40219.1
Project("{9A19103F-16F7-4668-BE54-9A1E7A4F7556}") = "ComplexNumbers", "ComplexNumbers.csproj", "{80F270D8-782D-44FB-BADC-94B91BFC70AD}"
EndProject
Global
	GlobalSection(SolutionConfigurationPlatforms) = preSolution
		Debug|Any CPU = Debug|Any CPU
		Release|Any CPU = Release|Any CPU
	EndGlobalSection
	GlobalSection(ProjectConfigurationPlatforms) = postSolution
		{80F270D8-782D-44FB-BADC-94B91BFC70AD}.Debug|Any CPU.ActiveCfg = Debug|Any CPU
		{80F270D8-782D-44FB-BADC-94B91BFC70AD}.Debug|Any CPU.Build.0 = Debug|Any CPU
		{80F270D8-782D-44FB-BADC-94B91BFC70AD}.Release|Any CPU.ActiveCfg = Release|Any CPU
		{80F270D8-782D-44FB-BADC-94B91BFC70AD}.Release|Any CPU.Build.0 = Release|Any CPU
	EndGlobalSection
	GlobalSection(SolutionProperties) = preSolution
		HideSolutionNode = FALSE
	EndGlobalSection
	GlobalSection(ExtensibilityGlobals) = postSolution
		SolutionGuid = {7F678643-E7E7-4B17-80D6-026863D1EB84}
	EndGlobalSection
EndGlobal
