
Microsoft Visual Studio Solution File, Format Version 12.00
# Visual Studio Version 16
VisualStudioVersion = 16.0.29503.13
MinimumVisualStudioVersion = 10.0.40219.1
Project("{9A19103F-16F7-4668-BE54-9A1E7A4F7556}") = "PythagoreanTriplet", "PythagoreanTriplet.csproj", "{07FF7991-5FA4-4DFC-BDE8-FD770F8BCF41}"
EndProject
Global
	GlobalSection(SolutionConfigurationPlatforms) = preSolution
		Debug|Any CPU = Debug|Any CPU
		Release|Any CPU = Release|Any CPU
	EndGlobalSection
	GlobalSection(ProjectConfigurationPlatforms) = postSolution
		{07FF7991-5FA4-4DFC-BDE8-FD770F8BCF41}.Debug|Any CPU.ActiveCfg = Debug|Any CPU
		{07FF7991-5FA4-4DFC-BDE8-FD770F8BCF41}.Debug|Any CPU.Build.0 = Debug|Any CPU
		{07FF7991-5FA4-4DFC-BDE8-FD770F8BCF41}.Release|Any CPU.ActiveCfg = Release|Any CPU
		{07FF7991-5FA4-4DFC-BDE8-FD770F8BCF41}.Release|Any CPU.Build.0 = Release|Any CPU
	EndGlobalSection
	GlobalSection(SolutionProperties) = preSolution
		HideSolutionNode = FALSE
	EndGlobalSection
	GlobalSection(ExtensibilityGlobals) = postSolution
		SolutionGuid = {7808D71E-E94F-47BD-BF48-8DDF6B72523A}
	EndGlobalSection
EndGlobal
