
Microsoft Visual Studio Solution File, Format Version 12.00
# Visual Studio Version 16
VisualStudioVersion = 16.0.29025.244
MinimumVisualStudioVersion = 10.0.40219.1
Project("{9A19103F-16F7-4668-BE54-9A1E7A4F7556}") = "Gigasecond", "Gigasecond.csproj", "{8BAA4EF4-ABCD-4245-A6A5-6091C6CDC8C5}"
EndProject
Global
	GlobalSection(SolutionConfigurationPlatforms) = preSolution
		Debug|Any CPU = Debug|Any CPU
		Release|Any CPU = Release|Any CPU
	EndGlobalSection
	GlobalSection(ProjectConfigurationPlatforms) = postSolution
		{8BAA4EF4-ABCD-4245-A6A5-6091C6CDC8C5}.Debug|Any CPU.ActiveCfg = Debug|Any CPU
		{8BAA4EF4-ABCD-4245-A6A5-6091C6CDC8C5}.Debug|Any CPU.Build.0 = Debug|Any CPU
		{8BAA4EF4-ABCD-4245-A6A5-6091C6CDC8C5}.Release|Any CPU.ActiveCfg = Release|Any CPU
		{8BAA4EF4-ABCD-4245-A6A5-6091C6CDC8C5}.Release|Any CPU.Build.0 = Release|Any CPU
	EndGlobalSection
	GlobalSection(SolutionProperties) = preSolution
		HideSolutionNode = FALSE
	EndGlobalSection
	GlobalSection(ExtensibilityGlobals) = postSolution
		SolutionGuid = {E5C6B6DC-ED0F-457E-85E8-A5279EDDF059}
	EndGlobalSection
EndGlobal
