
Microsoft Visual Studio Solution File, Format Version 12.00
# Visual Studio Version 16
VisualStudioVersion = 16.0.29418.71
MinimumVisualStudioVersion = 10.0.40219.1
Project("{9A19103F-16F7-4668-BE54-9A1E7A4F7556}") = "CircularBuffer", "CircularBuffer.csproj", "{FC170703-37B0-4C37-B8FF-E4C8C1718F9E}"
EndProject
Global
	GlobalSection(SolutionConfigurationPlatforms) = preSolution
		Debug|Any CPU = Debug|Any CPU
		Release|Any CPU = Release|Any CPU
	EndGlobalSection
	GlobalSection(ProjectConfigurationPlatforms) = postSolution
		{FC170703-37B0-4C37-B8FF-E4C8C1718F9E}.Debug|Any CPU.ActiveCfg = Debug|Any CPU
		{FC170703-37B0-4C37-B8FF-E4C8C1718F9E}.Debug|Any CPU.Build.0 = Debug|Any CPU
		{FC170703-37B0-4C37-B8FF-E4C8C1718F9E}.Release|Any CPU.ActiveCfg = Release|Any CPU
		{FC170703-37B0-4C37-B8FF-E4C8C1718F9E}.Release|Any CPU.Build.0 = Release|Any CPU
	EndGlobalSection
	GlobalSection(SolutionProperties) = preSolution
		HideSolutionNode = FALSE
	EndGlobalSection
	GlobalSection(ExtensibilityGlobals) = postSolution
		SolutionGuid = {55ADE3CC-C3D9-4CA0-A1E4-CDABB22E30FF}
	EndGlobalSection
EndGlobal
