
Microsoft Visual Studio Solution File, Format Version 12.00
# Visual Studio Version 16
VisualStudioVersion = 16.0.29503.13
MinimumVisualStudioVersion = 10.0.40219.1
Project("{9A19103F-16F7-4668-BE54-9A1E7A4F7556}") = "ListOps", "ListOps.csproj", "{13BE11BF-8C5E-4261-9FAE-86C8BB2F463C}"
EndProject
Global
	GlobalSection(SolutionConfigurationPlatforms) = preSolution
		Debug|Any CPU = Debug|Any CPU
		Release|Any CPU = Release|Any CPU
	EndGlobalSection
	GlobalSection(ProjectConfigurationPlatforms) = postSolution
		{13BE11BF-8C5E-4261-9FAE-86C8BB2F463C}.Debug|Any CPU.ActiveCfg = Debug|Any CPU
		{13BE11BF-8C5E-4261-9FAE-86C8BB2F463C}.Debug|Any CPU.Build.0 = Debug|Any CPU
		{13BE11BF-8C5E-4261-9FAE-86C8BB2F463C}.Release|Any CPU.ActiveCfg = Release|Any CPU
		{13BE11BF-8C5E-4261-9FAE-86C8BB2F463C}.Release|Any CPU.Build.0 = Release|Any CPU
	EndGlobalSection
	GlobalSection(SolutionProperties) = preSolution
		HideSolutionNode = FALSE
	EndGlobalSection
	GlobalSection(ExtensibilityGlobals) = postSolution
		SolutionGuid = {03E64AD8-AEBD-45F9-96F4-876AAFA0A2D1}
	EndGlobalSection
EndGlobal
