
Microsoft Visual Studio Solution File, Format Version 12.00
# Visual Studio Version 16
VisualStudioVersion = 16.0.29613.14
MinimumVisualStudioVersion = 10.0.40219.1
Project("{9A19103F-16F7-4668-BE54-9A1E7A4F7556}") = "TwelveDays", "TwelveDays.csproj", "{A9482E1E-C0BC-40F4-A85B-3C0532595C25}"
EndProject
Global
	GlobalSection(SolutionConfigurationPlatforms) = preSolution
		Debug|Any CPU = Debug|Any CPU
		Release|Any CPU = Release|Any CPU
	EndGlobalSection
	GlobalSection(ProjectConfigurationPlatforms) = postSolution
		{A9482E1E-C0BC-40F4-A85B-3C0532595C25}.Debug|Any CPU.ActiveCfg = Debug|Any CPU
		{A9482E1E-C0BC-40F4-A85B-3C0532595C25}.Debug|Any CPU.Build.0 = Debug|Any CPU
		{A9482E1E-C0BC-40F4-A85B-3C0532595C25}.Release|Any CPU.ActiveCfg = Release|Any CPU
		{A9482E1E-C0BC-40F4-A85B-3C0532595C25}.Release|Any CPU.Build.0 = Release|Any CPU
	EndGlobalSection
	GlobalSection(SolutionProperties) = preSolution
		HideSolutionNode = FALSE
	EndGlobalSection
	GlobalSection(ExtensibilityGlobals) = postSolution
		SolutionGuid = {47445563-28C2-4DEA-A695-EB33D91EAD76}
	EndGlobalSection
EndGlobal
