
Microsoft Visual Studio Solution File, Format Version 12.00
# Visual Studio Version 16
VisualStudioVersion = 16.0.29509.3
MinimumVisualStudioVersion = 10.0.40219.1
Project("{9A19103F-16F7-4668-BE54-9A1E7A4F7556}") = "TwoBucket", "TwoBucket.csproj", "{602EF8E1-F573-4FFB-9A52-10CB475334B8}"
EndProject
Global
	GlobalSection(SolutionConfigurationPlatforms) = preSolution
		Debug|Any CPU = Debug|Any CPU
		Release|Any CPU = Release|Any CPU
	EndGlobalSection
	GlobalSection(ProjectConfigurationPlatforms) = postSolution
		{602EF8E1-F573-4FFB-9A52-10CB475334B8}.Debug|Any CPU.ActiveCfg = Debug|Any CPU
		{602EF8E1-F573-4FFB-9A52-10CB475334B8}.Debug|Any CPU.Build.0 = Debug|Any CPU
		{602EF8E1-F573-4FFB-9A52-10CB475334B8}.Release|Any CPU.ActiveCfg = Release|Any CPU
		{602EF8E1-F573-4FFB-9A52-10CB475334B8}.Release|Any CPU.Build.0 = Release|Any CPU
	EndGlobalSection
	GlobalSection(SolutionProperties) = preSolution
		HideSolutionNode = FALSE
	EndGlobalSection
	GlobalSection(ExtensibilityGlobals) = postSolution
		SolutionGuid = {921364B0-9FBB-4FE5-A1E2-EEE08A4664BA}
	EndGlobalSection
EndGlobal
