
Microsoft Visual Studio Solution File, Format Version 12.00
# Visual Studio Version 16
VisualStudioVersion = 16.0.29306.81
MinimumVisualStudioVersion = 10.0.40219.1
Project("{9A19103F-16F7-4668-BE54-9A1E7A4F7556}") = "ScrabbleScore", "ScrabbleScore.csproj", "{3669AB99-E07E-46E5-A453-A2F8098FCE37}"
EndProject
Global
	GlobalSection(SolutionConfigurationPlatforms) = preSolution
		Debug|Any CPU = Debug|Any CPU
		Release|Any CPU = Release|Any CPU
	EndGlobalSection
	GlobalSection(ProjectConfigurationPlatforms) = postSolution
		{3669AB99-E07E-46E5-A453-A2F8098FCE37}.Debug|Any CPU.ActiveCfg = Debug|Any CPU
		{3669AB99-E07E-46E5-A453-A2F8098FCE37}.Debug|Any CPU.Build.0 = Debug|Any CPU
		{3669AB99-E07E-46E5-A453-A2F8098FCE37}.Release|Any CPU.ActiveCfg = Release|Any CPU
		{3669AB99-E07E-46E5-A453-A2F8098FCE37}.Release|Any CPU.Build.0 = Release|Any CPU
	EndGlobalSection
	GlobalSection(SolutionProperties) = preSolution
		HideSolutionNode = FALSE
	EndGlobalSection
	GlobalSection(ExtensibilityGlobals) = postSolution
		SolutionGuid = {4F6CB3EA-E830-4E69-A5B1-47BF155D7544}
	EndGlobalSection
EndGlobal
