
Microsoft Visual Studio Solution File, Format Version 12.00
# Visual Studio Version 16
VisualStudioVersion = 16.0.29306.81
MinimumVisualStudioVersion = 10.0.40219.1
Project("{9A19103F-16F7-4668-BE54-9A1E7A4F7556}") = "RationalNumbers", "RationalNumbers.csproj", "{E33F6D02-65AF-4EAF-A0E3-6A2623285E77}"
EndProject
Global
	GlobalSection(SolutionConfigurationPlatforms) = preSolution
		Debug|Any CPU = Debug|Any CPU
		Release|Any CPU = Release|Any CPU
	EndGlobalSection
	GlobalSection(ProjectConfigurationPlatforms) = postSolution
		{E33F6D02-65AF-4EAF-A0E3-6A2623285E77}.Debug|Any CPU.ActiveCfg = Debug|Any CPU
		{E33F6D02-65AF-4EAF-A0E3-6A2623285E77}.Debug|Any CPU.Build.0 = Debug|Any CPU
		{E33F6D02-65AF-4EAF-A0E3-6A2623285E77}.Release|Any CPU.ActiveCfg = Release|Any CPU
		{E33F6D02-65AF-4EAF-A0E3-6A2623285E77}.Release|Any CPU.Build.0 = Release|Any CPU
	EndGlobalSection
	GlobalSection(SolutionProperties) = preSolution
		HideSolutionNode = FALSE
	EndGlobalSection
	GlobalSection(ExtensibilityGlobals) = postSolution
		SolutionGuid = {957A440E-598F-4B35-8CAC-087519C334F3}
	EndGlobalSection
EndGlobal
